
Microsoft Visual Studio Solution File, Format Version 12.00
# Visual Studio Version 16
VisualStudioVersion = 16.0.29418.71
MinimumVisualStudioVersion = 10.0.40219.1
Project("{8BC9CEB8-8B4A-11D0-8D11-00A0C91BC942}") = "Lighting", "Lighting\Lighting.vcxproj", "{382002DE-C938-4405-B185-EFC62BFB11AF}"
EndProject
Global
	GlobalSection(SolutionConfigurationPlatforms) = preSolution
		Debug|x64 = Debug|x64
		Debug|x86 = Debug|x86
		Release|x64 = Release|x64
		Release|x86 = Release|x86
	EndGlobalSection
	GlobalSection(ProjectConfigurationPlatforms) = postSolution
		{382002DE-C938-4405-B185-EFC62BFB11AF}.Debug|x64.ActiveCfg = Debug|x64
		{382002DE-C938-4405-B185-EFC62BFB11AF}.Debug|x64.Build.0 = Debug|x64
		{382002DE-C938-4405-B185-EFC62BFB11AF}.Debug|x86.ActiveCfg = Debug|Win32
		{382002DE-C938-4405-B185-EFC62BFB11AF}.Debug|x86.Build.0 = Debug|Win32
		{382002DE-C938-4405-B185-EFC62BFB11AF}.Release|x64.ActiveCfg = Release|x64
		{382002DE-C938-4405-B185-EFC62BFB11AF}.Release|x64.Build.0 = Release|x64
		{382002DE-C938-4405-B185-EFC62BFB11AF}.Release|x86.ActiveCfg = Release|Win32
		{382002DE-C938-4405-B185-EFC62BFB11AF}.Release|x86.Build.0 = Release|Win32
	EndGlobalSection
	GlobalSection(SolutionProperties) = preSolution
		HideSolutionNode = FALSE
	EndGlobalSection
	GlobalSection(ExtensibilityGlobals) = postSolution
		SolutionGuid = {0A5720ED-278A-4333-8499-C260A6385AE2}
	EndGlobalSection
EndGlobal
